
Microsoft Visual Studio Solution File, Format Version 12.00
# Visual Studio Version 17
VisualStudioVersion = 17.1.32319.34
MinimumVisualStudioVersion = 10.0.40219.1
Project("{9A19103F-16F7-4668-BE54-9A1E7A4F7556}") = "TheGame", "GameStore\TheGame.csproj", "{AE5E8944-89BD-4212-83C2-0ECB1DEBF8B0}"
EndProject
Global
	GlobalSection(SolutionConfigurationPlatforms) = preSolution
		Debug|Any CPU = Debug|Any CPU
		Release|Any CPU = Release|Any CPU
	EndGlobalSection
	GlobalSection(ProjectConfigurationPlatforms) = postSolution
		{AE5E8944-89BD-4212-83C2-0ECB1DEBF8B0}.Debug|Any CPU.ActiveCfg = Debug|Any CPU
		{AE5E8944-89BD-4212-83C2-0ECB1DEBF8B0}.Debug|Any CPU.Build.0 = Debug|Any CPU
		{AE5E8944-89BD-4212-83C2-0ECB1DEBF8B0}.Release|Any CPU.ActiveCfg = Release|Any CPU
		{AE5E8944-89BD-4212-83C2-0ECB1DEBF8B0}.Release|Any CPU.Build.0 = Release|Any CPU
	EndGlobalSection
	GlobalSection(SolutionProperties) = preSolution
		HideSolutionNode = FALSE
	EndGlobalSection
	GlobalSection(ExtensibilityGlobals) = postSolution
		SolutionGuid = {39226195-FDE3-442E-84E5-B887A51CD73C}
	EndGlobalSection
EndGlobal
